# This file is generated by running "yarn install" inside your project.
# Manual changes might be lost - proceed with caution!

__metadata:
  version: 8
  cacheKey: 10c0

"husky@npm:^9.1.4":
  version: 9.1.4
  resolution: "husky@npm:9.1.4"
  bin:
    husky: bin.js
  checksum: 10c0/f5185003bef9ad9ec3f40e821963e4c12409b993fdcab89e3d660bed7d8c9d8bfd399f05222e27e0ead6589601fb1bb08d1a589c51751a4ab0547ead3429b8de
  languageName: node
  linkType: hard

"ninjas4744-offseason-2024@workspace:.":
  version: 0.0.0-use.local
  resolution: "ninjas4744-offseason-2024@workspace:."
  dependencies:
    husky: "npm:^9.1.4"
  languageName: unknown
  linkType: soft
